
Microsoft Visual Studio Solution File, Format Version 12.00
# Visual Studio Version 16
VisualStudioVersion = 16.0.31702.278
MinimumVisualStudioVersion = 10.0.40219.1
Project("{FAE04EC0-301F-11D3-BF4B-00C04F79EFBC}") = "Ws.Server", "Ws.Server\Ws.Server.csproj", "{6C263BC2-8864-455B-B190-463A240B50E9}"
EndProject
Project("{FAE04EC0-301F-11D3-BF4B-00C04F79EFBC}") = "Ws.ClientTemp", "Ws.ClientTemp\Ws.ClientTemp.csproj", "{6CDE0B73-AFFF-443A-947B-CDB7FE9FD777}"
EndProject
Project("{FAE04EC0-301F-11D3-BF4B-00C04F79EFBC}") = "Auction.Data", "Auction.Data\Auction.Data.csproj", "{13C048EA-32A0-4CE4-BFF3-3F408B69E8CB}"
EndProject
Global
	GlobalSection(SolutionConfigurationPlatforms) = preSolution
		Debug|Any CPU = Debug|Any CPU
		Release|Any CPU = Release|Any CPU
	EndGlobalSection
	GlobalSection(ProjectConfigurationPlatforms) = postSolution
		{6C263BC2-8864-455B-B190-463A240B50E9}.Debug|Any CPU.ActiveCfg = Debug|Any CPU
		{6C263BC2-8864-455B-B190-463A240B50E9}.Debug|Any CPU.Build.0 = Debug|Any CPU
		{6C263BC2-8864-455B-B190-463A240B50E9}.Release|Any CPU.ActiveCfg = Release|Any CPU
		{6C263BC2-8864-455B-B190-463A240B50E9}.Release|Any CPU.Build.0 = Release|Any CPU
		{6CDE0B73-AFFF-443A-947B-CDB7FE9FD777}.Debug|Any CPU.ActiveCfg = Debug|Any CPU
		{6CDE0B73-AFFF-443A-947B-CDB7FE9FD777}.Debug|Any CPU.Build.0 = Debug|Any CPU
		{6CDE0B73-AFFF-443A-947B-CDB7FE9FD777}.Release|Any CPU.ActiveCfg = Release|Any CPU
		{6CDE0B73-AFFF-443A-947B-CDB7FE9FD777}.Release|Any CPU.Build.0 = Release|Any CPU
		{13C048EA-32A0-4CE4-BFF3-3F408B69E8CB}.Debug|Any CPU.ActiveCfg = Debug|Any CPU
		{13C048EA-32A0-4CE4-BFF3-3F408B69E8CB}.Debug|Any CPU.Build.0 = Debug|Any CPU
		{13C048EA-32A0-4CE4-BFF3-3F408B69E8CB}.Release|Any CPU.ActiveCfg = Release|Any CPU
		{13C048EA-32A0-4CE4-BFF3-3F408B69E8CB}.Release|Any CPU.Build.0 = Release|Any CPU
	EndGlobalSection
	GlobalSection(SolutionProperties) = preSolution
		HideSolutionNode = FALSE
	EndGlobalSection
	GlobalSection(ExtensibilityGlobals) = postSolution
		SolutionGuid = {B2DBE6B9-0F09-4CB3-8292-E23179144D01}
	EndGlobalSection
EndGlobal
